// !$*UTF8*$!
{
	archiveVersion = 1;
	classes = {
	};
	objectVersion = 46;
	objects = {

/* Begin PBXBuildFile section */
		2FDF9CD21A8BC3840058D316 /* main.m in Sources */ = {isa = PBXBuildFile; fileRef = 2FDF9CD11A8BC3840058D316 /* main.m */; };
		2FDF9CD51A8BC3840058D316 /* AppDelegate.m in Sources */ = {isa = PBXBuildFile; fileRef = 2FDF9CD41A8BC3840058D316 /* AppDelegate.m */; };
		2FDF9CD81A8BC3840058D316 /* ViewController.m in Sources */ = {isa = PBXBuildFile; fileRef = 2FDF9CD71A8BC3840058D316 /* ViewController.m */; };
		2FDF9CDB1A8BC3840058D316 /* Main.storyboard in Resources */ = {isa = PBXBuildFile; fileRef = 2FDF9CD91A8BC3840058D316 /* Main.storyboard */; };
		2FDF9CDD1A8BC3840058D316 /* Images.xcassets in Resources */ = {isa = PBXBuildFile; fileRef = 2FDF9CDC1A8BC3840058D316 /* Images.xcassets */; };
		2FDF9CE01A8BC3840058D316 /* LaunchScreen.xib in Resources */ = {isa = PBXBuildFile; fileRef = 2FDF9CDE1A8BC3840058D316 /* LaunchScreen.xib */; };
		2FDF9CEC1A8BC3840058D316 /* AKLocalDatastoreTests.m in Sources */ = {isa = PBXBuildFile; fileRef = 2FDF9CEB1A8BC3840058D316 /* AKLocalDatastoreTests.m */; };
/* End PBXBuildFile section */

/* Begin PBXContainerItemProxy section */
		2FDF9CE61A8BC3840058D316 /* PBXContainerItemProxy */ = {
			isa = PBXContainerItemProxy;
			containerPortal = 2FDF9CC41A8BC3840058D316 /* Project object */;
			proxyType = 1;
			remoteGlobalIDString = 2FDF9CCB1A8BC3840058D316;
			remoteInfo = AKLocalDatastore;
		};
/* End PBXContainerItemProxy section */

/* Begin PBXFileReference section */
		2FDF9CCC1A8BC3840058D316 /* AKLocalDatastore.app */ = {isa = PBXFileReference; explicitFileType = wrapper.application; includeInIndex = 0; path = AKLocalDatastore.app; sourceTree = BUILT_PRODUCTS_DIR; };
		2FDF9CD01A8BC3840058D316 /* Info.plist */ = {isa = PBXFileReference; lastKnownFileType = text.plist.xml; path = Info.plist; sourceTree = "<group>"; };
		2FDF9CD11A8BC3840058D316 /* main.m */ = {isa = PBXFileReference; lastKnownFileType = sourcecode.c.objc; path = main.m; sourceTree = "<group>"; };
		2FDF9CD31A8BC3840058D316 /* AppDelegate.h */ = {isa = PBXFileReference; lastKnownFileType = sourcecode.c.h; path = AppDelegate.h; sourceTree = "<group>"; };
		2FDF9CD41A8BC3840058D316 /* AppDelegate.m */ = {isa = PBXFileReference; lastKnownFileType = sourcecode.c.objc; path = AppDelegate.m; sourceTree = "<group>"; };
		2FDF9CD61A8BC3840058D316 /* ViewController.h */ = {isa = PBXFileReference; lastKnownFileType = sourcecode.c.h; path = ViewController.h; sourceTree = "<group>"; };
		2FDF9CD71A8BC3840058D316 /* ViewController.m */ = {isa = PBXFileReference; lastKnownFileType = sourcecode.c.objc; path = ViewController.m; sourceTree = "<group>"; };
		2FDF9CDA1A8BC3840058D316 /* Base */ = {isa = PBXFileReference; lastKnownFileType = file.storyboard; name = Base; path = Base.lproj/Main.storyboard; sourceTree = "<group>"; };
		2FDF9CDC1A8BC3840058D316 /* Images.xcassets */ = {isa = PBXFileReference; lastKnownFileType = folder.assetcatalog; path = Images.xcassets; sourceTree = "<group>"; };
		2FDF9CDF1A8BC3840058D316 /* Base */ = {isa = PBXFileReference; lastKnownFileType = file.xib; name = Base; path = Base.lproj/LaunchScreen.xib; sourceTree = "<group>"; };
		2FDF9CE51A8BC3840058D316 /* AKLocalDatastoreTests.xctest */ = {isa = PBXFileReference; explicitFileType = wrapper.cfbundle; includeInIndex = 0; path = AKLocalDatastoreTests.xctest; sourceTree = BUILT_PRODUCTS_DIR; };
		2FDF9CEA1A8BC3840058D316 /* Info.plist */ = {isa = PBXFileReference; lastKnownFileType = text.plist.xml; path = Info.plist; sourceTree = "<group>"; };
		2FDF9CEB1A8BC3840058D316 /* AKLocalDatastoreTests.m */ = {isa = PBXFileReference; lastKnownFileType = sourcecode.c.objc; path = AKLocalDatastoreTests.m; sourceTree = "<group>"; };
/* End PBXFileReference section */

/* Begin PBXFrameworksBuildPhase section */
		2FDF9CC91A8BC3840058D316 /* Frameworks */ = {
			isa = PBXFrameworksBuildPhase;
			buildActionMask = 2147483647;
			files = (
			);
			runOnlyForDeploymentPostprocessing = 0;
		};
		2FDF9CE21A8BC3840058D316 /* Frameworks */ = {
			isa = PBXFrameworksBuildPhase;
			buildActionMask = 2147483647;
			files = (
			);
			runOnlyForDeploymentPostprocessing = 0;
		};
/* End PBXFrameworksBuildPhase section */

/* Begin PBXGroup section */
		2FDF9CC31A8BC3840058D316 = {
			isa = PBXGroup;
			children = (
				2FDF9CCE1A8BC3840058D316 /* AKLocalDatastore */,
				2FDF9CE81A8BC3840058D316 /* AKLocalDatastoreTests */,
				2FDF9CCD1A8BC3840058D316 /* Products */,
			);
			sourceTree = "<group>";
		};
		2FDF9CCD1A8BC3840058D316 /* Products */ = {
			isa = PBXGroup;
			children = (
				2FDF9CCC1A8BC3840058D316 /* AKLocalDatastore.app */,
				2FDF9CE51A8BC3840058D316 /* AKLocalDatastoreTests.xctest */,
			);
			name = Products;
			sourceTree = "<group>";
		};
		2FDF9CCE1A8BC3840058D316 /* AKLocalDatastore */ = {
			isa = PBXGroup;
			children = (
				2FDF9CD31A8BC3840058D316 /* AppDelegate.h */,
				2FDF9CD41A8BC3840058D316 /* AppDelegate.m */,
				2FDF9CD61A8BC3840058D316 /* ViewController.h */,
				2FDF9CD71A8BC3840058D316 /* ViewController.m */,
				2FDF9CD91A8BC3840058D316 /* Main.storyboard */,
				2FDF9CDC1A8BC3840058D316 /* Images.xcassets */,
				2FDF9CDE1A8BC3840058D316 /* LaunchScreen.xib */,
				2FDF9CCF1A8BC3840058D316 /* Supporting Files */,
			);
			path = AKLocalDatastore;
			sourceTree = "<group>";
		};
		2FDF9CCF1A8BC3840058D316 /* Supporting Files */ = {
			isa = PBXGroup;
			children = (
				2FDF9CD01A8BC3840058D316 /* Info.plist */,
				2FDF9CD11A8BC3840058D316 /* main.m */,
			);
			name = "Supporting Files";
			sourceTree = "<group>";
		};
		2FDF9CE81A8BC3840058D316 /* AKLocalDatastoreTests */ = {
			isa = PBXGroup;
			children = (
				2FDF9CEB1A8BC3840058D316 /* AKLocalDatastoreTests.m */,
				2FDF9CE91A8BC3840058D316 /* Supporting Files */,
			);
			path = AKLocalDatastoreTests;
			sourceTree = "<group>";
		};
		2FDF9CE91A8BC3840058D316 /* Supporting Files */ = {
			isa = PBXGroup;
			children = (
				2FDF9CEA1A8BC3840058D316 /* Info.plist */,
			);
			name = "Supporting Files";
			sourceTree = "<group>";
		};
/* End PBXGroup section */

/* Begin PBXNativeTarget section */
		2FDF9CCB1A8BC3840058D316 /* AKLocalDatastore */ = {
			isa = PBXNativeTarget;
			buildConfigurationList = 2FDF9CEF1A8BC3840058D316 /* Build configuration list for PBXNativeTarget "AKLocalDatastore" */;
			buildPhases = (
				2FDF9CC81A8BC3840058D316 /* Sources */,
				2FDF9CC91A8BC3840058D316 /* Frameworks */,
				2FDF9CCA1A8BC3840058D316 /* Resources */,
			);
			buildRules = (
			);
			dependencies = (
			);
			name = AKLocalDatastore;
			productName = AKLocalDatastore;
			productReference = 2FDF9CCC1A8BC3840058D316 /* AKLocalDatastore.app */;
			productType = "com.apple.product-type.application";
		};
		2FDF9CE41A8BC3840058D316 /* AKLocalDatastoreTests */ = {
			isa = PBXNativeTarget;
			buildConfigurationList = 2FDF9CF21A8BC3840058D316 /* Build configuration list for PBXNativeTarget "AKLocalDatastoreTests" */;
			buildPhases = (
				2FDF9CE11A8BC3840058D316 /* Sources */,
				2FDF9CE21A8BC3840058D316 /* Frameworks */,
				2FDF9CE31A8BC3840058D316 /* Resources */,
			);
			buildRules = (
			);
			dependencies = (
				2FDF9CE71A8BC3840058D316 /* PBXTargetDependency */,
			);
			name = AKLocalDatastoreTests;
			productName = AKLocalDatastoreTests;
			productReference = 2FDF9CE51A8BC3840058D316 /* AKLocalDatastoreTests.xctest */;
			productType = "com.apple.product-type.bundle.unit-test";
		};
/* End PBXNativeTarget section */

/* Begin PBXProject section */
		2FDF9CC41A8BC3840058D316 /* Project object */ = {
			isa = PBXProject;
			attributes = {
				LastUpgradeCheck = 0610;
				ORGANIZATIONNAME = "Alex Koren";
				TargetAttributes = {
					2FDF9CCB1A8BC3840058D316 = {
						CreatedOnToolsVersion = 6.1.1;
					};
					2FDF9CE41A8BC3840058D316 = {
						CreatedOnToolsVersion = 6.1.1;
						TestTargetID = 2FDF9CCB1A8BC3840058D316;
					};
				};
			};
			buildConfigurationList = 2FDF9CC71A8BC3840058D316 /* Build configuration list for PBXProject "AKLocalDatastore" */;
			compatibilityVersion = "Xcode 3.2";
			developmentRegion = English;
			hasScannedForEncodings = 0;
			knownRegions = (
				en,
				Base,
			);
			mainGroup = 2FDF9CC31A8BC3840058D316;
			productRefGroup = 2FDF9CCD1A8BC3840058D316 /* Products */;
			projectDirPath = "";
			projectRoot = "";
			targets = (
				2FDF9CCB1A8BC3840058D316 /* AKLocalDatastore */,
				2FDF9CE41A8BC3840058D316 /* AKLocalDatastoreTests */,
			);
		};
/* End PBXProject section */

/* Begin PBXResourcesBuildPhase section */
		2FDF9CCA1A8BC3840058D316 /* Resources */ = {
			isa = PBXResourcesBuildPhase;
			buildActionMask = 2147483647;
			files = (
				2FDF9CDB1A8BC3840058D316 /* Main.storyboard in Resources */,
				2FDF9CE01A8BC3840058D316 /* LaunchScreen.xib in Resources */,
				2FDF9CDD1A8BC3840058D316 /* Images.xcassets in Resources */,
			);
			runOnlyForDeploymentPostprocessing = 0;
		};
		2FDF9CE31A8BC3840058D316 /* Resources */ = {
			isa = PBXResourcesBuildPhase;
			buildActionMask = 2147483647;
			files = (
			);
			runOnlyForDeploymentPostprocessing = 0;
		};
/* End PBXResourcesBuildPhase section */

/* Begin PBXSourcesBuildPhase section */
		2FDF9CC81A8BC3840058D316 /* Sources */ = {
			isa = PBXSourcesBuildPhase;
			buildActionMask = 2147483647;
			files = (
				2FDF9CD81A8BC3840058D316 /* ViewController.m in Sources */,
				2FDF9CD51A8BC3840058D316 /* AppDelegate.m in Sources */,
				2FDF9CD21A8BC3840058D316 /* main.m in Sources */,
			);
			runOnlyForDeploymentPostprocessing = 0;
		};
		2FDF9CE11A8BC3840058D316 /* Sources */ = {
			isa = PBXSourcesBuildPhase;
			buildActionMask = 2147483647;
			files = (
				2FDF9CEC1A8BC3840058D316 /* AKLocalDatastoreTests.m in Sources */,
			);
			runOnlyForDeploymentPostprocessing = 0;
		};
/* End PBXSourcesBuildPhase section */

/* Begin PBXTargetDependency section */
		2FDF9CE71A8BC3840058D316 /* PBXTargetDependency */ = {
			isa = PBXTargetDependency;
			target = 2FDF9CCB1A8BC3840058D316 /* AKLocalDatastore */;
			targetProxy = 2FDF9CE61A8BC3840058D316 /* PBXContainerItemProxy */;
		};
/* End PBXTargetDependency section */

/* Begin PBXVariantGroup section */
		2FDF9CD91A8BC3840058D316 /* Main.storyboard */ = {
			isa = PBXVariantGroup;
			children = (
				2FDF9CDA1A8BC3840058D316 /* Base */,
			);
			name = Main.storyboard;
			sourceTree = "<group>";
		};
		2FDF9CDE1A8BC3840058D316 /* LaunchScreen.xib */ = {
			isa = PBXVariantGroup;
			children = (
				2FDF9CDF1A8BC3840058D316 /* Base */,
			);
			name = LaunchScreen.xib;
			sourceTree = "<group>";
		};
/* End PBXVariantGroup section */

/* Begin XCBuildConfiguration section */
		2FDF9CED1A8BC3840058D316 /* Debug */ = {
			isa = XCBuildConfiguration;
			buildSettings = {
				ALWAYS_SEARCH_USER_PATHS = NO;
				CLANG_CXX_LANGUAGE_STANDARD = "gnu++0x";
				CLANG_CXX_LIBRARY = "libc++";
				CLANG_ENABLE_MODULES = YES;
				CLANG_ENABLE_OBJC_ARC = YES;
				CLANG_WARN_BOOL_CONVERSION = YES;
				CLANG_WARN_CONSTANT_CONVERSION = YES;
				CLANG_WARN_DIRECT_OBJC_ISA_USAGE = YES_ERROR;
				CLANG_WARN_EMPTY_BODY = YES;
				CLANG_WARN_ENUM_CONVERSION = YES;
				CLANG_WARN_INT_CONVERSION = YES;
				CLANG_WARN_OBJC_ROOT_CLASS = YES_ERROR;
				CLANG_WARN_UNREACHABLE_CODE = YES;
				CLANG_WARN__DUPLICATE_METHOD_MATCH = YES;
				"CODE_SIGN_IDENTITY[sdk=iphoneos*]" = "iPhone Developer";
				COPY_PHASE_STRIP = NO;
				ENABLE_STRICT_OBJC_MSGSEND = YES;
				GCC_C_LANGUAGE_STANDARD = gnu99;
				GCC_DYNAMIC_NO_PIC = NO;
				GCC_OPTIMIZATION_LEVEL = 0;
				GCC_PREPROCESSOR_DEFINITIONS = (
					"DEBUG=1",
					"$(inherited)",
				);
				GCC_SYMBOLS_PRIVATE_EXTERN = NO;
				GCC_WARN_64_TO_32_BIT_CONVERSION = YES;
				GCC_WARN_ABOUT_RETURN_TYPE = YES_ERROR;
				GCC_WARN_UNDECLARED_SELECTOR = YES;
				GCC_WARN_UNINITIALIZED_AUTOS = YES_AGGRESSIVE;
				GCC_WARN_UNUSED_FUNCTION = YES;
				GCC_WARN_UNUSED_VARIABLE = YES;
				IPHONEOS_DEPLOYMENT_TARGET = 8.1;
				MTL_ENABLE_DEBUG_INFO = YES;
				ONLY_ACTIVE_ARCH = YES;
				SDKROOT = iphoneos;
				TARGETED_DEVICE_FAMILY = "1,2";
			};
			name = Debug;
		};
		2FDF9CEE1A8BC3840058D316 /* Release */ = {
			isa = XCBuildConfiguration;
			buildSettings = {
				ALWAYS_SEARCH_USER_PATHS = NO;
				CLANG_CXX_LANGUAGE_STANDARD = "gnu++0x";
				CLANG_CXX_LIBRARY = "libc++";
				CLANG_ENABLE_MODULES = YES;
				CLANG_ENABLE_OBJC_ARC = YES;
				CLANG_WARN_BOOL_CONVERSION = YES;
				CLANG_WARN_CONSTANT_CONVERSION = YES;
				CLANG_WARN_DIRECT_OBJC_ISA_USAGE = YES_ERROR;
				CLANG_WARN_EMPTY_BODY = YES;
				CLANG_WARN_ENUM_CONVERSION = YES;
				CLANG_WARN_INT_CONVERSION = YES;
				CLANG_WARN_OBJC_ROOT_CLASS = YES_ERROR;
				CLANG_WARN_UNREACHABLE_CODE = YES;
				CLANG_WARN__DUPLICATE_METHOD_MATCH = YES;
				"CODE_SIGN_IDENTITY[sdk=iphoneos*]" = "iPhone Developer";
				COPY_PHASE_STRIP = YES;
				ENABLE_NS_ASSERTIONS = NO;
				ENABLE_STRICT_OBJC_MSGSEND = YES;
				GCC_C_LANGUAGE_STANDARD = gnu99;
				GCC_WARN_64_TO_32_BIT_CONVERSION = YES;
				GCC_WARN_ABOUT_RETURN_TYPE = YES_ERROR;
				GCC_WARN_UNDECLARED_SELECTOR = YES;
				GCC_WARN_UNINITIALIZED_AUTOS = YES_AGGRESSIVE;
				GCC_WARN_UNUSED_FUNCTION = YES;
				GCC_WARN_UNUSED_VARIABLE = YES;
				IPHONEOS_DEPLOYMENT_TARGET = 8.1;
				MTL_ENABLE_DEBUG_INFO = NO;
				SDKROOT = iphoneos;
				TARGETED_DEVICE_FAMILY = "1,2";
				VALIDATE_PRODUCT = YES;
			};
			name = Release;
		};
		2FDF9CF01A8BC3840058D316 /* Debug */ = {
			isa = XCBuildConfiguration;
			buildSettings = {
				ASSETCATALOG_COMPILER_APPICON_NAME = AppIcon;
				INFOPLIST_FILE = AKLocalDatastore/Info.plist;
				LD_RUNPATH_SEARCH_PATHS = "$(inherited) @executable_path/Frameworks";
				PRODUCT_NAME = "$(TARGET_NAME)";
			};
			name = Debug;
		};
		2FDF9CF11A8BC3840058D316 /* Release */ = {
			isa = XCBuildConfiguration;
			buildSettings = {
				ASSETCATALOG_COMPILER_APPICON_NAME = AppIcon;
				INFOPLIST_FILE = AKLocalDatastore/Info.plist;
				LD_RUNPATH_SEARCH_PATHS = "$(inherited) @executable_path/Frameworks";
				PRODUCT_NAME = "$(TARGET_NAME)";
			};
			name = Release;
		};
		2FDF9CF31A8BC3840058D316 /* Debug */ = {
			isa = XCBuildConfiguration;
			buildSettings = {
				BUNDLE_LOADER = "$(TEST_HOST)";
				FRAMEWORK_SEARCH_PATHS = (
					"$(SDKROOT)/Developer/Library/Frameworks",
					"$(inherited)",
				);
				GCC_PREPROCESSOR_DEFINITIONS = (
					"DEBUG=1",
					"$(inherited)",
				);
				INFOPLIST_FILE = AKLocalDatastoreTests/Info.plist;
				LD_RUNPATH_SEARCH_PATHS = "$(inherited) @executable_path/Frameworks @loader_path/Frameworks";
				PRODUCT_NAME = "$(TARGET_NAME)";
				TEST_HOST = "$(BUILT_PRODUCTS_DIR)/AKLocalDatastore.app/AKLocalDatastore";
			};
			name = Debug;
		};
		2FDF9CF41A8BC3840058D316 /* Release */ = {
			isa = XCBuildConfiguration;
			buildSettings = {
				BUNDLE_LOADER = "$(TEST_HOST)";
				FRAMEWORK_SEARCH_PATHS = (
					"$(SDKROOT)/Developer/Library/Frameworks",
					"$(inherited)",
				);
				INFOPLIST_FILE = AKLocalDatastoreTests/Info.plist;
				LD_RUNPATH_SEARCH_PATHS = "$(inherited) @executable_path/Frameworks @loader_path/Frameworks";
				PRODUCT_NAME = "$(TARGET_NAME)";
				TEST_HOST = "$(BUILT_PRODUCTS_DIR)/AKLocalDatastore.app/AKLocalDatastore";
			};
			name = Release;
		};
/* End XCBuildConfiguration section */

/* Begin XCConfigurationList section */
		2FDF9CC71A8BC3840058D316 /* Build configuration list for PBXProject "AKLocalDatastore" */ = {
			isa = XCConfigurationList;
			buildConfigurations = (
				2FDF9CED1A8BC3840058D316 /* Debug */,
				2FDF9CEE1A8BC3840058D316 /* Release */,
			);
			defaultConfigurationIsVisible = 0;
			defaultConfigurationName = Release;
		};
		2FDF9CEF1A8BC3840058D316 /* Build configuration list for PBXNativeTarget "AKLocalDatastore" */ = {
			isa = XCConfigurationList;
			buildConfigurations = (
				2FDF9CF01A8BC3840058D316 /* Debug */,
				2FDF9CF11A8BC3840058D316 /* Release */,
			);
			defaultConfigurationIsVisible = 0;
		};
		2FDF9CF21A8BC3840058D316 /* Build configuration list for PBXNativeTarget "AKLocalDatastoreTests" */ = {
			isa = XCConfigurationList;
			buildConfigurations = (
				2FDF9CF31A8BC3840058D316 /* Debug */,
				2FDF9CF41A8BC3840058D316 /* Release */,
			);
			defaultConfigurationIsVisible = 0;
		};
/* End XCConfigurationList section */
	};
	rootObject = 2FDF9CC41A8BC3840058D316 /* Project object */;
}
